{
  "name": "carbon-tutorial-angular",
  "lockfileVersion": 2,
  "requires": true,
  "packages": {
    "": {
      "dependencies": {
        "@carbon/icons": "^11.7.0",
        "carbon-components": "^10.56.0",
        "carbon-components-angular": "^4.59.9"
      }
    },
    "node_modules/@carbon/icon-helpers": {
      "version": "10.9.0",
      "resolved": "https://registry.npmjs.org/@carbon/icon-helpers/-/icon-helpers-10.9.0.tgz",
      "integrity": "sha512-JtmCXV7iIc+N5RqQQy+MGT8T+5KcF7+BUKADvHnJKZ8o+ncF5gI4hmrP450dQD76mikI4fqQ0dQflaosesdSPw=="
    },
    "node_modules/@carbon/icons": {
      "version": "11.7.0",
      "resolved": "https://registry.npmjs.org/@carbon/icons/-/icons-11.7.0.tgz",
      "integrity": "sha512-Q6CPWSI/ypl+thK9Mivsf1/QPUa2sKMXazRe1sIlGwYA+gshWde9GYf7PPCoSOy8Agzw+VRQM8G8yMb1SLx/hg=="
    },
    "node_modules/@carbon/telemetry": {
      "version": "0.1.0",
      "resolved": "https://registry.npmjs.org/@carbon/telemetry/-/telemetry-0.1.0.tgz",
      "integrity": "sha512-kNWt0bkgPwGW0i5h7HFuljbKRXPvIhsKbB+1tEURAYLXoJg9iJLF1eGvWN5iVoFCS2zje4GR3OGOsvvKVe7Hlg==",
      "bin": {
        "carbon-telemetry": "bin/carbon-telemetry.js"
      }
    },
    "node_modules/@carbon/utils-position": {
      "version": "1.1.4",
      "resolved": "https://registry.npmjs.org/@carbon/utils-position/-/utils-position-1.1.4.tgz",
      "integrity": "sha512-/01kFPKr+wD2pPd5Uck2gElm3K/+eNxX7lEn2j1NKzzE4+eSZXDfQtLR/UHcvOSgkP+Av42LET6B9h9jXGV+HA=="
    },
    "node_modules/carbon-components": {
      "version": "10.56.0",
      "resolved": "https://registry.npmjs.org/carbon-components/-/carbon-components-10.56.0.tgz",
      "integrity": "sha512-GPLqHiu2SWvMxcQOi/CcgA/XA3aX/5HiEPSQjLwzjKAJsnkpzq043Jf7QwgLOVbTBzGSjFbFkJnE2lc73I2WBw==",
      "hasInstallScript": true,
      "dependencies": {
        "@carbon/telemetry": "0.1.0",
        "flatpickr": "4.6.1",
        "lodash.debounce": "^4.0.8",
        "warning": "^3.0.0"
      }
    },
    "node_modules/carbon-components-angular": {
      "version": "4.59.9",
      "resolved": "https://registry.npmjs.org/carbon-components-angular/-/carbon-components-angular-4.59.9.tgz",
      "integrity": "sha512-bnxbJIgcUQoUz/D1VCVMpbwpKMJCizfPG7PXI9UGvhzD9ZNMq02+nQh5U+izj1KFBSu4eBmHc23mBe0n2Wqhng==",
      "hasInstallScript": true,
      "dependencies": {
        "@carbon/icon-helpers": "10.9.0",
        "@carbon/icons": "10.27.0",
        "@carbon/telemetry": "0.1.0",
        "@carbon/utils-position": "1.1.4",
        "flatpickr": "4.6.1",
        "tslib": "^1.9.0"
      },
      "peerDependencies": {
        "carbon-components": "^10.0.0"
      }
    },
    "node_modules/carbon-components-angular/node_modules/@carbon/icons": {
      "version": "10.27.0",
      "resolved": "https://registry.npmjs.org/@carbon/icons/-/icons-10.27.0.tgz",
      "integrity": "sha512-lxgmO3InfNnPqG/GGfVWAzQe3b1gK7QvglzshoYqeZLbbYj3IW4acII/ht+qf4eoCg9IOlYvsgYeUQNe7zqXbA=="
    },
    "node_modules/flatpickr": {
      "version": "4.6.1",
      "resolved": "https://registry.npmjs.org/flatpickr/-/flatpickr-4.6.1.tgz",
      "integrity": "sha512-3ULSxbXmcMIRzer/2jLNweoqHpwDvsjEawO2FUd9UFR8uPwLM+LruZcPDpuZStcEgbQKhuFOfXo4nYdGladSNw=="
    },
    "node_modules/js-tokens": {
      "version": "4.0.0",
      "resolved": "https://registry.npmjs.org/js-tokens/-/js-tokens-4.0.0.tgz",
      "integrity": "sha512-RdJUflcE3cUzKiMqQgsCu06FPu9UdIJO0beYbPhHN4k6apgJtifcoCtT9bcxOpYBtpD2kCM6Sbzg4CausW/PKQ=="
    },
    "node_modules/lodash.debounce": {
      "version": "4.0.8",
      "resolved": "https://registry.npmjs.org/lodash.debounce/-/lodash.debounce-4.0.8.tgz",
      "integrity": "sha512-FT1yDzDYEoYWhnSGnpE/4Kj1fLZkDFyqRb7fNt6FdYOSxlUWAtp42Eh6Wb0rGIv/m9Bgo7x4GhQbm5Ys4SG5ow=="
    },
    "node_modules/loose-envify": {
      "version": "1.4.0",
      "resolved": "https://registry.npmjs.org/loose-envify/-/loose-envify-1.4.0.tgz",
      "integrity": "sha512-lyuxPGr/Wfhrlem2CL/UcnUc1zcqKAImBDzukY7Y5F/yQiNdko6+fRLevlw1HgMySw7f611UIY408EtxRSoK3Q==",
      "dependencies": {
        "js-tokens": "^3.0.0 || ^4.0.0"
      },
      "bin": {
        "loose-envify": "cli.js"
      }
    },
    "node_modules/tslib": {
      "version": "1.14.1",
      "resolved": "https://registry.npmjs.org/tslib/-/tslib-1.14.1.tgz",
      "integrity": "sha512-Xni35NKzjgMrwevysHTCArtLDpPvye8zV/0E4EyYn43P7/7qvQwPh9BGkHewbMulVntbigmcT7rdX3BNo9wRJg=="
    },
    "node_modules/warning": {
      "version": "3.0.0",
      "resolved": "https://registry.npmjs.org/warning/-/warning-3.0.0.tgz",
      "integrity": "sha512-jMBt6pUrKn5I+OGgtQ4YZLdhIeJmObddh6CsibPxyQ5yPZm1XExSyzC1LCNX7BzhxWgiHmizBWJTHJIjMjTQYQ==",
      "dependencies": {
        "loose-envify": "^1.0.0"
      }
    }
  },
  "dependencies": {
    "@carbon/icon-helpers": {
      "version": "10.9.0",
      "resolved": "https://registry.npmjs.org/@carbon/icon-helpers/-/icon-helpers-10.9.0.tgz",
      "integrity": "sha512-JtmCXV7iIc+N5RqQQy+MGT8T+5KcF7+BUKADvHnJKZ8o+ncF5gI4hmrP450dQD76mikI4fqQ0dQflaosesdSPw=="
    },
    "@carbon/icons": {
      "version": "11.7.0",
      "resolved": "https://registry.npmjs.org/@carbon/icons/-/icons-11.7.0.tgz",
      "integrity": "sha512-Q6CPWSI/ypl+thK9Mivsf1/QPUa2sKMXazRe1sIlGwYA+gshWde9GYf7PPCoSOy8Agzw+VRQM8G8yMb1SLx/hg=="
    },
    "@carbon/telemetry": {
      "version": "0.1.0",
      "resolved": "https://registry.npmjs.org/@carbon/telemetry/-/telemetry-0.1.0.tgz",
      "integrity": "sha512-kNWt0bkgPwGW0i5h7HFuljbKRXPvIhsKbB+1tEURAYLXoJg9iJLF1eGvWN5iVoFCS2zje4GR3OGOsvvKVe7Hlg=="
    },
    "@carbon/utils-position": {
      "version": "1.1.4",
      "resolved": "https://registry.npmjs.org/@carbon/utils-position/-/utils-position-1.1.4.tgz",
      "integrity": "sha512-/01kFPKr+wD2pPd5Uck2gElm3K/+eNxX7lEn2j1NKzzE4+eSZXDfQtLR/UHcvOSgkP+Av42LET6B9h9jXGV+HA=="
    },
    "carbon-components": {
      "version": "10.56.0",
      "resolved": "https://registry.npmjs.org/carbon-components/-/carbon-components-10.56.0.tgz",
      "integrity": "sha512-GPLqHiu2SWvMxcQOi/CcgA/XA3aX/5HiEPSQjLwzjKAJsnkpzq043Jf7QwgLOVbTBzGSjFbFkJnE2lc73I2WBw==",
      "requires": {
        "@carbon/telemetry": "0.1.0",
        "flatpickr": "4.6.1",
        "lodash.debounce": "^4.0.8",
        "warning": "^3.0.0"
      }
    },
    "carbon-components-angular": {
      "version": "4.59.9",
      "resolved": "https://registry.npmjs.org/carbon-components-angular/-/carbon-components-angular-4.59.9.tgz",
      "integrity": "sha512-bnxbJIgcUQoUz/D1VCVMpbwpKMJCizfPG7PXI9UGvhzD9ZNMq02+nQh5U+izj1KFBSu4eBmHc23mBe0n2Wqhng==",
      "requires": {
        "@carbon/icon-helpers": "10.9.0",
        "@carbon/icons": "10.27.0",
        "@carbon/telemetry": "0.1.0",
        "@carbon/utils-position": "1.1.4",
        "flatpickr": "4.6.1",
        "tslib": "^1.9.0"
      },
      "dependencies": {
        "@carbon/icons": {
          "version": "10.27.0",
          "resolved": "https://registry.npmjs.org/@carbon/icons/-/icons-10.27.0.tgz",
          "integrity": "sha512-lxgmO3InfNnPqG/GGfVWAzQe3b1gK7QvglzshoYqeZLbbYj3IW4acII/ht+qf4eoCg9IOlYvsgYeUQNe7zqXbA=="
        }
      }
    },
    "flatpickr": {
      "version": "4.6.1",
      "resolved": "https://registry.npmjs.org/flatpickr/-/flatpickr-4.6.1.tgz",
      "integrity": "sha512-3ULSxbXmcMIRzer/2jLNweoqHpwDvsjEawO2FUd9UFR8uPwLM+LruZcPDpuZStcEgbQKhuFOfXo4nYdGladSNw=="
    },
    "js-tokens": {
      "version": "4.0.0",
      "resolved": "https://registry.npmjs.org/js-tokens/-/js-tokens-4.0.0.tgz",
      "integrity": "sha512-RdJUflcE3cUzKiMqQgsCu06FPu9UdIJO0beYbPhHN4k6apgJtifcoCtT9bcxOpYBtpD2kCM6Sbzg4CausW/PKQ=="
    },
    "lodash.debounce": {
      "version": "4.0.8",
      "resolved": "https://registry.npmjs.org/lodash.debounce/-/lodash.debounce-4.0.8.tgz",
      "integrity": "sha512-FT1yDzDYEoYWhnSGnpE/4Kj1fLZkDFyqRb7fNt6FdYOSxlUWAtp42Eh6Wb0rGIv/m9Bgo7x4GhQbm5Ys4SG5ow=="
    },
    "loose-envify": {
      "version": "1.4.0",
      "resolved": "https://registry.npmjs.org/loose-envify/-/loose-envify-1.4.0.tgz",
      "integrity": "sha512-lyuxPGr/Wfhrlem2CL/UcnUc1zcqKAImBDzukY7Y5F/yQiNdko6+fRLevlw1HgMySw7f611UIY408EtxRSoK3Q==",
      "requires": {
        "js-tokens": "^3.0.0 || ^4.0.0"
      }
    },
    "tslib": {
      "version": "1.14.1",
      "resolved": "https://registry.npmjs.org/tslib/-/tslib-1.14.1.tgz",
      "integrity": "sha512-Xni35NKzjgMrwevysHTCArtLDpPvye8zV/0E4EyYn43P7/7qvQwPh9BGkHewbMulVntbigmcT7rdX3BNo9wRJg=="
    },
    "warning": {
      "version": "3.0.0",
      "resolved": "https://registry.npmjs.org/warning/-/warning-3.0.0.tgz",
      "integrity": "sha512-jMBt6pUrKn5I+OGgtQ4YZLdhIeJmObddh6CsibPxyQ5yPZm1XExSyzC1LCNX7BzhxWgiHmizBWJTHJIjMjTQYQ==",
      "requires": {
        "loose-envify": "^1.0.0"
      }
    }
  }
}
