{
  "name": "carbon-tutorial-angular",
  "lockfileVersion": 2,
  "requires": true,
  "packages": {
    "": {
      "dependencies": {
        "@carbon/icons": "^11.16.0"
      }
    },
    "node_modules/@carbon/icons": {
      "version": "11.16.0",
      "resolved": "https://registry.npmjs.org/@carbon/icons/-/icons-11.16.0.tgz",
      "integrity": "sha512-Ny0QdtEe3SzfGUDjZVH/GVSs5JR6AZ6rTPZvoQUVcWw3h41hGAt4usc0YpQXqo6xPxE9hjnCRenKu115n8yFKg=="
    }
  },
  "dependencies": {
    "@carbon/icons": {
      "version": "11.16.0",
      "resolved": "https://registry.npmjs.org/@carbon/icons/-/icons-11.16.0.tgz",
      "integrity": "sha512-Ny0QdtEe3SzfGUDjZVH/GVSs5JR6AZ6rTPZvoQUVcWw3h41hGAt4usc0YpQXqo6xPxE9hjnCRenKu115n8yFKg=="
    }
  }
}
